
Microsoft Visual Studio Solution File, Format Version 12.00
# Visual Studio Version 16
VisualStudioVersion = 16.0.31911.196
MinimumVisualStudioVersion = 10.0.40219.1
Project("{9A19103F-16F7-4668-BE54-9A1E7A4F7556}") = "MD5Hasher", "MD5Hasher\MD5Hasher.csproj", "{92A217A0-AED9-410C-8D44-098D80653037}"
EndProject
Global
	GlobalSection(SolutionConfigurationPlatforms) = preSolution
		Debug|Any CPU = Debug|Any CPU
		Release|Any CPU = Release|Any CPU
	EndGlobalSection
	GlobalSection(ProjectConfigurationPlatforms) = postSolution
		{92A217A0-AED9-410C-8D44-098D80653037}.Debug|Any CPU.ActiveCfg = Debug|Any CPU
		{92A217A0-AED9-410C-8D44-098D80653037}.Debug|Any CPU.Build.0 = Debug|Any CPU
		{92A217A0-AED9-410C-8D44-098D80653037}.Release|Any CPU.ActiveCfg = Release|Any CPU
		{92A217A0-AED9-410C-8D44-098D80653037}.Release|Any CPU.Build.0 = Release|Any CPU
	EndGlobalSection
	GlobalSection(SolutionProperties) = preSolution
		HideSolutionNode = FALSE
	EndGlobalSection
	GlobalSection(ExtensibilityGlobals) = postSolution
		SolutionGuid = {8588BD04-9C60-4517-B679-7B2B5B443C0B}
	EndGlobalSection
EndGlobal
